
Microsoft Visual Studio Solution File, Format Version 12.00
# Visual Studio Version 17
VisualStudioVersion = 17.0.31903.59
MinimumVisualStudioVersion = 10.0.40219.1
Project("{9A19103F-16F7-4668-BE54-9A1E7A4F7556}") = "RubbergodService", "src\RubbergodService\RubbergodService.csproj", "{AE130712-829F-4E38-8178-EBD978B58A7A}"
EndProject
Project("{9A19103F-16F7-4668-BE54-9A1E7A4F7556}") = "PointsService", "src\PointsService\PointsService.csproj", "{7AECD35F-D27B-4153-ADE3-E6813F368468}"
EndProject
Project("{9A19103F-16F7-4668-BE54-9A1E7A4F7556}") = "ImageProcessingService", "src\ImageProcessingService\ImageProcessingService.csproj", "{2F8ADA3C-DE0B-4227-BD4E-2F4B7E74B586}"
EndProject
Project("{9A19103F-16F7-4668-BE54-9A1E7A4F7556}") = "AuditLogService", "src\AuditLogService\AuditLogService.csproj", "{D857B0A3-5D82-43DA-BC7B-ACE3CFB33999}"
EndProject
Project("{9A19103F-16F7-4668-BE54-9A1E7A4F7556}") = "UserMeasuresService", "src\UserMeasuresService\UserMeasuresService.csproj", "{5074AF70-0291-4BDD-9ACC-D9A7D3B69F24}"
EndProject
Project("{9A19103F-16F7-4668-BE54-9A1E7A4F7556}") = "GrillBot.Services.Common", "src\GrillBot.Services.Common\GrillBot.Services.Common.csproj", "{8193287A-A766-4FB5-82FC-61FF8664FCE5}"
EndProject
Project("{9A19103F-16F7-4668-BE54-9A1E7A4F7556}") = "EmoteService", "src\EmoteService\EmoteService.csproj", "{88CEDE4C-77AE-4661-B630-46F279E0B9C9}"
EndProject
Project("{9A19103F-16F7-4668-BE54-9A1E7A4F7556}") = "RemindService", "src\RemindService\RemindService.csproj", "{94FA92B5-22AE-472D-A8D3-A54797055509}"
EndProject
Project("{9A19103F-16F7-4668-BE54-9A1E7A4F7556}") = "SearchingService", "src\SearchingService\SearchingService.csproj", "{45635C61-3738-43E2-8F12-0C520CB6FF8B}"
EndProject
Project("{9A19103F-16F7-4668-BE54-9A1E7A4F7556}") = "InviteService", "src\InviteService\InviteService.csproj", "{866C7982-5F6E-4C68-A9FD-F3EA46B6DF4E}"
EndProject
Project("{FAE04EC0-301F-11D3-BF4B-00C04F79EFBC}") = "UserManagementService", "src\UserManagementService\UserManagementService.csproj", "{C0962FCB-C573-4B82-91BF-852DCD2ABB1A}"
EndProject
Global
	GlobalSection(SolutionConfigurationPlatforms) = preSolution
		Debug|Any CPU = Debug|Any CPU
		Release|Any CPU = Release|Any CPU
	EndGlobalSection
	GlobalSection(ProjectConfigurationPlatforms) = postSolution
		{AE130712-829F-4E38-8178-EBD978B58A7A}.Debug|Any CPU.ActiveCfg = Debug|Any CPU
		{AE130712-829F-4E38-8178-EBD978B58A7A}.Debug|Any CPU.Build.0 = Debug|Any CPU
		{AE130712-829F-4E38-8178-EBD978B58A7A}.Release|Any CPU.ActiveCfg = Release|Any CPU
		{AE130712-829F-4E38-8178-EBD978B58A7A}.Release|Any CPU.Build.0 = Release|Any CPU
		{7AECD35F-D27B-4153-ADE3-E6813F368468}.Debug|Any CPU.ActiveCfg = Debug|Any CPU
		{7AECD35F-D27B-4153-ADE3-E6813F368468}.Debug|Any CPU.Build.0 = Debug|Any CPU
		{7AECD35F-D27B-4153-ADE3-E6813F368468}.Release|Any CPU.ActiveCfg = Release|Any CPU
		{7AECD35F-D27B-4153-ADE3-E6813F368468}.Release|Any CPU.Build.0 = Release|Any CPU
		{2F8ADA3C-DE0B-4227-BD4E-2F4B7E74B586}.Debug|Any CPU.ActiveCfg = Debug|Any CPU
		{2F8ADA3C-DE0B-4227-BD4E-2F4B7E74B586}.Debug|Any CPU.Build.0 = Debug|Any CPU
		{2F8ADA3C-DE0B-4227-BD4E-2F4B7E74B586}.Release|Any CPU.ActiveCfg = Release|Any CPU
		{2F8ADA3C-DE0B-4227-BD4E-2F4B7E74B586}.Release|Any CPU.Build.0 = Release|Any CPU
		{D857B0A3-5D82-43DA-BC7B-ACE3CFB33999}.Debug|Any CPU.ActiveCfg = Debug|Any CPU
		{D857B0A3-5D82-43DA-BC7B-ACE3CFB33999}.Debug|Any CPU.Build.0 = Debug|Any CPU
		{D857B0A3-5D82-43DA-BC7B-ACE3CFB33999}.Release|Any CPU.ActiveCfg = Release|Any CPU
		{D857B0A3-5D82-43DA-BC7B-ACE3CFB33999}.Release|Any CPU.Build.0 = Release|Any CPU
		{5074AF70-0291-4BDD-9ACC-D9A7D3B69F24}.Debug|Any CPU.ActiveCfg = Debug|Any CPU
		{5074AF70-0291-4BDD-9ACC-D9A7D3B69F24}.Debug|Any CPU.Build.0 = Debug|Any CPU
		{5074AF70-0291-4BDD-9ACC-D9A7D3B69F24}.Release|Any CPU.ActiveCfg = Release|Any CPU
		{5074AF70-0291-4BDD-9ACC-D9A7D3B69F24}.Release|Any CPU.Build.0 = Release|Any CPU
		{8193287A-A766-4FB5-82FC-61FF8664FCE5}.Debug|Any CPU.ActiveCfg = Debug|Any CPU
		{8193287A-A766-4FB5-82FC-61FF8664FCE5}.Debug|Any CPU.Build.0 = Debug|Any CPU
		{8193287A-A766-4FB5-82FC-61FF8664FCE5}.Release|Any CPU.ActiveCfg = Release|Any CPU
		{8193287A-A766-4FB5-82FC-61FF8664FCE5}.Release|Any CPU.Build.0 = Release|Any CPU
		{88CEDE4C-77AE-4661-B630-46F279E0B9C9}.Debug|Any CPU.ActiveCfg = Debug|Any CPU
		{88CEDE4C-77AE-4661-B630-46F279E0B9C9}.Debug|Any CPU.Build.0 = Debug|Any CPU
		{88CEDE4C-77AE-4661-B630-46F279E0B9C9}.Release|Any CPU.ActiveCfg = Release|Any CPU
		{88CEDE4C-77AE-4661-B630-46F279E0B9C9}.Release|Any CPU.Build.0 = Release|Any CPU
		{94FA92B5-22AE-472D-A8D3-A54797055509}.Debug|Any CPU.ActiveCfg = Debug|Any CPU
		{94FA92B5-22AE-472D-A8D3-A54797055509}.Debug|Any CPU.Build.0 = Debug|Any CPU
		{94FA92B5-22AE-472D-A8D3-A54797055509}.Release|Any CPU.ActiveCfg = Release|Any CPU
		{94FA92B5-22AE-472D-A8D3-A54797055509}.Release|Any CPU.Build.0 = Release|Any CPU
		{45635C61-3738-43E2-8F12-0C520CB6FF8B}.Debug|Any CPU.ActiveCfg = Debug|Any CPU
		{45635C61-3738-43E2-8F12-0C520CB6FF8B}.Debug|Any CPU.Build.0 = Debug|Any CPU
		{45635C61-3738-43E2-8F12-0C520CB6FF8B}.Release|Any CPU.ActiveCfg = Release|Any CPU
		{45635C61-3738-43E2-8F12-0C520CB6FF8B}.Release|Any CPU.Build.0 = Release|Any CPU
		{866C7982-5F6E-4C68-A9FD-F3EA46B6DF4E}.Debug|Any CPU.ActiveCfg = Debug|Any CPU
		{866C7982-5F6E-4C68-A9FD-F3EA46B6DF4E}.Debug|Any CPU.Build.0 = Debug|Any CPU
		{866C7982-5F6E-4C68-A9FD-F3EA46B6DF4E}.Release|Any CPU.ActiveCfg = Release|Any CPU
		{866C7982-5F6E-4C68-A9FD-F3EA46B6DF4E}.Release|Any CPU.Build.0 = Release|Any CPU
		{C0962FCB-C573-4B82-91BF-852DCD2ABB1A}.Debug|Any CPU.ActiveCfg = Debug|Any CPU
		{C0962FCB-C573-4B82-91BF-852DCD2ABB1A}.Debug|Any CPU.Build.0 = Debug|Any CPU
		{C0962FCB-C573-4B82-91BF-852DCD2ABB1A}.Release|Any CPU.ActiveCfg = Release|Any CPU
		{C0962FCB-C573-4B82-91BF-852DCD2ABB1A}.Release|Any CPU.Build.0 = Release|Any CPU
	EndGlobalSection
	GlobalSection(SolutionProperties) = preSolution
		HideSolutionNode = FALSE
	EndGlobalSection
	GlobalSection(ExtensibilityGlobals) = postSolution
		SolutionGuid = {34B8C8F8-B46F-420A-9B94-1AD2DA4E7166}
	EndGlobalSection
EndGlobal
